
Microsoft Visual Studio Solution File, Format Version 12.00
# Visual Studio Version 17
VisualStudioVersion = 17.3.32929.385
MinimumVisualStudioVersion = 10.0.40219.1
Project("{FAE04EC0-301F-11D3-BF4B-00C04F79EFBC}") = "Rommates", "Rommates\Rommates.csproj", "{91F50A6C-FBD6-43C2-892B-836E41D8B881}"
EndProject
Global
	GlobalSection(SolutionConfigurationPlatforms) = preSolution
		Debug|Any CPU = Debug|Any CPU
		Release|Any CPU = Release|Any CPU
	EndGlobalSection
	GlobalSection(ProjectConfigurationPlatforms) = postSolution
		{91F50A6C-FBD6-43C2-892B-836E41D8B881}.Debug|Any CPU.ActiveCfg = Debug|Any CPU
		{91F50A6C-FBD6-43C2-892B-836E41D8B881}.Debug|Any CPU.Build.0 = Debug|Any CPU
		{91F50A6C-FBD6-43C2-892B-836E41D8B881}.Release|Any CPU.ActiveCfg = Release|Any CPU
		{91F50A6C-FBD6-43C2-892B-836E41D8B881}.Release|Any CPU.Build.0 = Release|Any CPU
	EndGlobalSection
	GlobalSection(SolutionProperties) = preSolution
		HideSolutionNode = FALSE
	EndGlobalSection
	GlobalSection(ExtensibilityGlobals) = postSolution
		SolutionGuid = {3E8CD6FC-5FB0-4EC1-A6D7-C2A944BEC822}
	EndGlobalSection
EndGlobal
